
Microsoft Visual Studio Solution File, Format Version 12.00
# Visual Studio Version 17
VisualStudioVersion = 17.5.33424.131
MinimumVisualStudioVersion = 10.0.40219.1
Project("{FAE04EC0-301F-11D3-BF4B-00C04F79EFBC}") = "SEDC.Exercise1", "SEDC.Exercise1\SEDC.Exercise1.csproj", "{11DEBD9E-26D8-4436-8C4F-78869852F494}"
EndProject
Project("{FAE04EC0-301F-11D3-BF4B-00C04F79EFBC}") = "SEDC.Domain", "SEDC.Domain\SEDC.Domain.csproj", "{78B874BD-BB63-4835-AAD6-530113D4525B}"
EndProject
Global
	GlobalSection(SolutionConfigurationPlatforms) = preSolution
		Debug|Any CPU = Debug|Any CPU
		Release|Any CPU = Release|Any CPU
	EndGlobalSection
	GlobalSection(ProjectConfigurationPlatforms) = postSolution
		{11DEBD9E-26D8-4436-8C4F-78869852F494}.Debug|Any CPU.ActiveCfg = Debug|Any CPU
		{11DEBD9E-26D8-4436-8C4F-78869852F494}.Debug|Any CPU.Build.0 = Debug|Any CPU
		{11DEBD9E-26D8-4436-8C4F-78869852F494}.Release|Any CPU.ActiveCfg = Release|Any CPU
		{11DEBD9E-26D8-4436-8C4F-78869852F494}.Release|Any CPU.Build.0 = Release|Any CPU
		{78B874BD-BB63-4835-AAD6-530113D4525B}.Debug|Any CPU.ActiveCfg = Debug|Any CPU
		{78B874BD-BB63-4835-AAD6-530113D4525B}.Debug|Any CPU.Build.0 = Debug|Any CPU
		{78B874BD-BB63-4835-AAD6-530113D4525B}.Release|Any CPU.ActiveCfg = Release|Any CPU
		{78B874BD-BB63-4835-AAD6-530113D4525B}.Release|Any CPU.Build.0 = Release|Any CPU
	EndGlobalSection
	GlobalSection(SolutionProperties) = preSolution
		HideSolutionNode = FALSE
	EndGlobalSection
	GlobalSection(ExtensibilityGlobals) = postSolution
		SolutionGuid = {8333339D-F2A6-4B1C-8BF1-D2711937C0BB}
	EndGlobalSection
EndGlobal
